
Microsoft Visual Studio Solution File, Format Version 12.00
# Visual Studio Version 16
VisualStudioVersion = 16.0.31729.503
MinimumVisualStudioVersion = 10.0.40219.1
Project("{FAE04EC0-301F-11D3-BF4B-00C04F79EFBC}") = "WindowsFormsApp1", "WindowsFormsApp1\WindowsFormsApp1.csproj", "{1A05658B-F1FC-40CE-90BC-0F0A6F409694}"
EndProject
Global
	GlobalSection(SolutionConfigurationPlatforms) = preSolution
		Debug|Any CPU = Debug|Any CPU
		Release|Any CPU = Release|Any CPU
	EndGlobalSection
	GlobalSection(ProjectConfigurationPlatforms) = postSolution
		{1A05658B-F1FC-40CE-90BC-0F0A6F409694}.Debug|Any CPU.ActiveCfg = Debug|Any CPU
		{1A05658B-F1FC-40CE-90BC-0F0A6F409694}.Debug|Any CPU.Build.0 = Debug|Any CPU
		{1A05658B-F1FC-40CE-90BC-0F0A6F409694}.Release|Any CPU.ActiveCfg = Release|Any CPU
		{1A05658B-F1FC-40CE-90BC-0F0A6F409694}.Release|Any CPU.Build.0 = Release|Any CPU
	EndGlobalSection
	GlobalSection(SolutionProperties) = preSolution
		HideSolutionNode = FALSE
	EndGlobalSection
	GlobalSection(ExtensibilityGlobals) = postSolution
		SolutionGuid = {AA47ED34-FB69-4263-873C-B69AE0D87E6D}
	EndGlobalSection
EndGlobal
